Microsoft Visual Studio Solution File, Format Version 11.00
# Visual Studio 2008

Project("{2CE123A7-31B4-897E-1B88-E17961AD3EFF}") = "Comp376_project", "Assembly-CSharp.csproj", "{3826752B-D135-DC16-0E23-BEC49E52144E}"
EndProject
Project("{2CE123A7-31B4-897E-1B88-E17961AD3EFF}") = "Comp376_project", "Assembly-UnityScript.unityproj", "{39D1DBB8-4DF1-1310-5705-17D20114FB46}"
EndProject
Global
	GlobalSection(SolutionConfigurationPlatforms) = preSolution
		Debug|Any CPU = Debug|Any CPU
		Release|Any CPU = Release|Any CPU
	EndGlobalSection
	GlobalSection(ProjectConfigurationPlatforms) = postSolution
		{3826752B-D135-DC16-0E23-BEC49E52144E}.Debug|Any CPU.ActiveCfg = Debug|Any CPU
		{3826752B-D135-DC16-0E23-BEC49E52144E}.Debug|Any CPU.Build.0 = Debug|Any CPU
		{3826752B-D135-DC16-0E23-BEC49E52144E}.Release|Any CPU.ActiveCfg = Release|Any CPU
		{3826752B-D135-DC16-0E23-BEC49E52144E}.Release|Any CPU.Build.0 = Release|Any CPU
		{39D1DBB8-4DF1-1310-5705-17D20114FB46}.Debug|Any CPU.ActiveCfg = Debug|Any CPU
		{39D1DBB8-4DF1-1310-5705-17D20114FB46}.Debug|Any CPU.Build.0 = Debug|Any CPU
		{39D1DBB8-4DF1-1310-5705-17D20114FB46}.Release|Any CPU.ActiveCfg = Release|Any CPU
		{39D1DBB8-4DF1-1310-5705-17D20114FB46}.Release|Any CPU.Build.0 = Release|Any CPU
	EndGlobalSection
	GlobalSection(SolutionProperties) = preSolution
		HideSolutionNode = FALSE
	EndGlobalSection
																		GlobalSection(MonoDevelopProperties) = preSolution
		StartupItem = Assembly-CSharp.csproj
		Policies = $0
		$0.TextStylePolicy = $1
		$1.inheritsSet = null
		$1.scope = text/x-csharp
		$0.CSharpFormattingPolicy = $2
		$2.inheritsSet = Mono
		$2.inheritsScope = text/x-csharp
		$2.scope = text/x-csharp
		$0.TextStylePolicy = $3
		$3.FileWidth = 120
		$3.TabWidth = 4
		$3.EolMarker = Unix
		$3.inheritsSet = Mono
		$3.inheritsScope = text/plain
		$3.scope = text/plain
	EndGlobalSection

EndGlobal
