Microsoft Visual Studio Solution File, Format Version 11.00
# Visual Studio 2008

Project("{4E2A1AC7-CBFD-D085-CEE5-7EB2C9583D7A}") = "SpeedyGiuseppe", "Assembly-CSharp-firstpass-vs.csproj", "{CC961074-C904-6283-BB9D-6A3D4C6EB410}"
EndProject
Project("{4E2A1AC7-CBFD-D085-CEE5-7EB2C9583D7A}") = "SpeedyGiuseppe", "Assembly-CSharp-vs.csproj", "{D9C23EE4-CB40-2DD3-3845-D722CE246134}"
EndProject
Global
	GlobalSection(SolutionConfigurationPlatforms) = preSolution
		Debug|Any CPU = Debug|Any CPU
		Release|Any CPU = Release|Any CPU
	EndGlobalSection
	GlobalSection(ProjectConfigurationPlatforms) = postSolution
		{CC961074-C904-6283-BB9D-6A3D4C6EB410}.Debug|Any CPU.ActiveCfg = Debug|Any CPU
		{CC961074-C904-6283-BB9D-6A3D4C6EB410}.Debug|Any CPU.Build.0 = Debug|Any CPU
		{CC961074-C904-6283-BB9D-6A3D4C6EB410}.Release|Any CPU.ActiveCfg = Release|Any CPU
		{CC961074-C904-6283-BB9D-6A3D4C6EB410}.Release|Any CPU.Build.0 = Release|Any CPU
		{D9C23EE4-CB40-2DD3-3845-D722CE246134}.Debug|Any CPU.ActiveCfg = Debug|Any CPU
		{D9C23EE4-CB40-2DD3-3845-D722CE246134}.Debug|Any CPU.Build.0 = Debug|Any CPU
		{D9C23EE4-CB40-2DD3-3845-D722CE246134}.Release|Any CPU.ActiveCfg = Release|Any CPU
		{D9C23EE4-CB40-2DD3-3845-D722CE246134}.Release|Any CPU.Build.0 = Release|Any CPU
	EndGlobalSection
	GlobalSection(SolutionProperties) = preSolution
		HideSolutionNode = FALSE
	EndGlobalSection
			GlobalSection(MonoDevelopProperties) = preSolution
		StartupItem = Assembly-CSharp.csproj
		Policies = $0
		$0.TextStylePolicy = $1
		$1.inheritsSet = null
		$1.scope = text/x-csharp
		$0.CSharpFormattingPolicy = $2
		$2.inheritsSet = Mono
		$2.inheritsScope = text/x-csharp
		$2.scope = text/x-csharp
		$0.TextStylePolicy = $3
		$3.FileWidth = 120
		$3.TabWidth = 4
		$3.EolMarker = Unix
		$3.inheritsSet = Mono
		$3.inheritsScope = text/plain
		$3.scope = text/plain
	EndGlobalSection

EndGlobal
